
Microsoft Visual Studio Solution File, Format Version 12.00
# Visual Studio 15
VisualStudioVersion = 15.0.27004.2008
MinimumVisualStudioVersion = 10.0.40219.1
Project("{FAE04EC0-301F-11D3-BF4B-00C04F79EFBC}") = "SimpleLearn.TicTacToe", "SimpleLearn.TicTacToe\SimpleLearn.TicTacToe.csproj", "{65ADF0D8-E4D8-410F-83DF-79718EDDB359}"
EndProject
Project("{FAE04EC0-301F-11D3-BF4B-00C04F79EFBC}") = "SimpleLearn.TicTacToe.Tests", "SimpleLearn.TicTacToe.Tests\SimpleLearn.TicTacToe.Tests.csproj", "{1CE9C6BE-B20E-431F-9C64-6409B7569E14}"
EndProject
Project("{FAE04EC0-301F-11D3-BF4B-00C04F79EFBC}") = "SimpleLearn.TicTacToe.Web", "SimpleLearn.TicTacToe.Web\SimpleLearn.TicTacToe.Web.csproj", "{183E46C4-5463-4661-8892-AB95163893D4}"
EndProject
Global
	GlobalSection(SolutionConfigurationPlatforms) = preSolution
		Debug|Any CPU = Debug|Any CPU
		Release|Any CPU = Release|Any CPU
	EndGlobalSection
	GlobalSection(ProjectConfigurationPlatforms) = postSolution
		{65ADF0D8-E4D8-410F-83DF-79718EDDB359}.Debug|Any CPU.ActiveCfg = Debug|Any CPU
		{65ADF0D8-E4D8-410F-83DF-79718EDDB359}.Debug|Any CPU.Build.0 = Debug|Any CPU
		{65ADF0D8-E4D8-410F-83DF-79718EDDB359}.Release|Any CPU.ActiveCfg = Release|Any CPU
		{65ADF0D8-E4D8-410F-83DF-79718EDDB359}.Release|Any CPU.Build.0 = Release|Any CPU
		{1CE9C6BE-B20E-431F-9C64-6409B7569E14}.Debug|Any CPU.ActiveCfg = Debug|Any CPU
		{1CE9C6BE-B20E-431F-9C64-6409B7569E14}.Debug|Any CPU.Build.0 = Debug|Any CPU
		{1CE9C6BE-B20E-431F-9C64-6409B7569E14}.Release|Any CPU.ActiveCfg = Release|Any CPU
		{1CE9C6BE-B20E-431F-9C64-6409B7569E14}.Release|Any CPU.Build.0 = Release|Any CPU
		{183E46C4-5463-4661-8892-AB95163893D4}.Debug|Any CPU.ActiveCfg = Debug|Any CPU
		{183E46C4-5463-4661-8892-AB95163893D4}.Debug|Any CPU.Build.0 = Debug|Any CPU
		{183E46C4-5463-4661-8892-AB95163893D4}.Release|Any CPU.ActiveCfg = Release|Any CPU
		{183E46C4-5463-4661-8892-AB95163893D4}.Release|Any CPU.Build.0 = Release|Any CPU
	EndGlobalSection
	GlobalSection(SolutionProperties) = preSolution
		HideSolutionNode = FALSE
	EndGlobalSection
	GlobalSection(ExtensibilityGlobals) = postSolution
		SolutionGuid = {5A2F47D4-B6F4-4301-A23B-996F9780D9CC}
	EndGlobalSection
EndGlobal
